// !$*UTF8*$!
{
	archiveVersion = 1;
	classes = {
	};
	objectVersion = 50;
	objects = {

/* Begin PBXBuildFile section */
		FA5394A924946FE6000120C3 /* AppDelegate.swift in Sources */ = {isa = PBXBuildFile; fileRef = FA5394A824946FE6000120C3 /* AppDelegate.swift */; };
		FA5394AB24946FE6000120C3 /* SceneDelegate.swift in Sources */ = {isa = PBXBuildFile; fileRef = FA5394AA24946FE6000120C3 /* SceneDelegate.swift */; };
		FA5394AF24946FEE000120C3 /* Assets.xcassets in Resources */ = {isa = PBXBuildFile; fileRef = FA5394AE24946FEE000120C3 /* Assets.xcassets */; };
		FA5394B224946FEE000120C3 /* Preview Assets.xcassets in Resources */ = {isa = PBXBuildFile; fileRef = FA5394B124946FEE000120C3 /* Preview Assets.xcassets */; };
		FA5394B524946FEE000120C3 /* LaunchScreen.storyboard in Resources */ = {isa = PBXBuildFile; fileRef = FA5394B324946FEE000120C3 /* LaunchScreen.storyboard */; };
		FA5394D924947446000120C3 /* SearchUserView.swift in Sources */ = {isa = PBXBuildFile; fileRef = FA5394D824947446000120C3 /* SearchUserView.swift */; };
		FA5394DB249474A4000120C3 /* SearchUserBar.swift in Sources */ = {isa = PBXBuildFile; fileRef = FA5394DA249474A4000120C3 /* SearchUserBar.swift */; };
		FA5394DD249474F3000120C3 /* User.swift in Sources */ = {isa = PBXBuildFile; fileRef = FA5394DC249474F3000120C3 /* User.swift */; };
		FA5394DF24947529000120C3 /* SearchUserViewModel.swift in Sources */ = {isa = PBXBuildFile; fileRef = FA5394DE24947529000120C3 /* SearchUserViewModel.swift */; };
		FA5394E1249476A3000120C3 /* SearchUserResponse.swift in Sources */ = {isa = PBXBuildFile; fileRef = FA5394E0249476A3000120C3 /* SearchUserResponse.swift */; };
		FA5394E3249476B7000120C3 /* SearchUserRow.swift in Sources */ = {isa = PBXBuildFile; fileRef = FA5394E2249476B7000120C3 /* SearchUserRow.swift */; };
		FA5394E924948BF2000120C3 /* ViiewList.swift in Sources */ = {isa = PBXBuildFile; fileRef = FA5394E824948BF2000120C3 /* ViiewList.swift */; };
		FA5394EB24948C5F000120C3 /* ViewListRow.swift in Sources */ = {isa = PBXBuildFile; fileRef = FA5394EA24948C5F000120C3 /* ViewListRow.swift */; };
		FA5394EE24949143000120C3 /* ContentView.swift in Sources */ = {isa = PBXBuildFile; fileRef = FA5394ED24949143000120C3 /* ContentView.swift */; };
		FA5394F224949604000120C3 /* turtlerock.jpg in Resources */ = {isa = PBXBuildFile; fileRef = FA5394F124949604000120C3 /* turtlerock.jpg */; };
		FA5394F424949620000120C3 /* CircleImage.swift in Sources */ = {isa = PBXBuildFile; fileRef = FA5394F324949620000120C3 /* CircleImage.swift */; };
		FA5394F6249496C9000120C3 /* MapView.swift in Sources */ = {isa = PBXBuildFile; fileRef = FA5394F5249496C9000120C3 /* MapView.swift */; };
/* End PBXBuildFile section */

/* Begin PBXFileReference section */
		FA5394A524946FE6000120C3 /* SwiftUI-sample.app */ = {isa = PBXFileReference; explicitFileType = wrapper.application; includeInIndex = 0; path = "SwiftUI-sample.app"; sourceTree = BUILT_PRODUCTS_DIR; };
		FA5394A824946FE6000120C3 /* AppDelegate.swift */ = {isa = PBXFileReference; lastKnownFileType = sourcecode.swift; path = AppDelegate.swift; sourceTree = "<group>"; };
		FA5394AA24946FE6000120C3 /* SceneDelegate.swift */ = {isa = PBXFileReference; lastKnownFileType = sourcecode.swift; path = SceneDelegate.swift; sourceTree = "<group>"; };
		FA5394AE24946FEE000120C3 /* Assets.xcassets */ = {isa = PBXFileReference; lastKnownFileType = folder.assetcatalog; path = Assets.xcassets; sourceTree = "<group>"; };
		FA5394B124946FEE000120C3 /* Preview Assets.xcassets */ = {isa = PBXFileReference; lastKnownFileType = folder.assetcatalog; path = "Preview Assets.xcassets"; sourceTree = "<group>"; };
		FA5394B424946FEE000120C3 /* Base */ = {isa = PBXFileReference; lastKnownFileType = file.storyboard; name = Base; path = Base.lproj/LaunchScreen.storyboard; sourceTree = "<group>"; };
		FA5394B624946FEE000120C3 /* Info.plist */ = {isa = PBXFileReference; lastKnownFileType = text.plist.xml; path = Info.plist; sourceTree = "<group>"; };
		FA5394D824947446000120C3 /* SearchUserView.swift */ = {isa = PBXFileReference; lastKnownFileType = sourcecode.swift; path = SearchUserView.swift; sourceTree = "<group>"; };
		FA5394DA249474A4000120C3 /* SearchUserBar.swift */ = {isa = PBXFileReference; lastKnownFileType = sourcecode.swift; path = SearchUserBar.swift; sourceTree = "<group>"; };
		FA5394DC249474F3000120C3 /* User.swift */ = {isa = PBXFileReference; lastKnownFileType = sourcecode.swift; path = User.swift; sourceTree = "<group>"; };
		FA5394DE24947529000120C3 /* SearchUserViewModel.swift */ = {isa = PBXFileReference; lastKnownFileType = sourcecode.swift; path = SearchUserViewModel.swift; sourceTree = "<group>"; };
		FA5394E0249476A3000120C3 /* SearchUserResponse.swift */ = {isa = PBXFileReference; lastKnownFileType = sourcecode.swift; path = SearchUserResponse.swift; sourceTree = "<group>"; };
		FA5394E2249476B7000120C3 /* SearchUserRow.swift */ = {isa = PBXFileReference; lastKnownFileType = sourcecode.swift; path = SearchUserRow.swift; sourceTree = "<group>"; };
		FA5394E824948BF2000120C3 /* ViiewList.swift */ = {isa = PBXFileReference; lastKnownFileType = sourcecode.swift; path = ViiewList.swift; sourceTree = "<group>"; };
		FA5394EA24948C5F000120C3 /* ViewListRow.swift */ = {isa = PBXFileReference; lastKnownFileType = sourcecode.swift; path = ViewListRow.swift; sourceTree = "<group>"; };
		FA5394ED24949143000120C3 /* ContentView.swift */ = {isa = PBXFileReference; lastKnownFileType = sourcecode.swift; path = ContentView.swift; sourceTree = "<group>"; };
		FA5394F124949604000120C3 /* turtlerock.jpg */ = {isa = PBXFileReference; lastKnownFileType = image.jpeg; name = turtlerock.jpg; path = ../../../Downloads/CreatingAndCombiningViews/Resources/turtlerock.jpg; sourceTree = "<group>"; };
		FA5394F324949620000120C3 /* CircleImage.swift */ = {isa = PBXFileReference; lastKnownFileType = sourcecode.swift; path = CircleImage.swift; sourceTree = "<group>"; };
		FA5394F5249496C9000120C3 /* MapView.swift */ = {isa = PBXFileReference; lastKnownFileType = sourcecode.swift; path = MapView.swift; sourceTree = "<group>"; };
/* End PBXFileReference section */

/* Begin PBXFrameworksBuildPhase section */
		FA5394A224946FE6000120C3 /* Frameworks */ = {
			isa = PBXFrameworksBuildPhase;
			buildActionMask = 2147483647;
			files = (
			);
			runOnlyForDeploymentPostprocessing = 0;
		};
/* End PBXFrameworksBuildPhase section */

/* Begin PBXGroup section */
		FA53949C24946FE6000120C3 = {
			isa = PBXGroup;
			children = (
				FA5394A724946FE6000120C3 /* SwiftUI-sample */,
				FA5394A624946FE6000120C3 /* Products */,
			);
			sourceTree = "<group>";
		};
		FA5394A624946FE6000120C3 /* Products */ = {
			isa = PBXGroup;
			children = (
				FA5394A524946FE6000120C3 /* SwiftUI-sample.app */,
			);
			name = Products;
			sourceTree = "<group>";
		};
		FA5394A724946FE6000120C3 /* SwiftUI-sample */ = {
			isa = PBXGroup;
			children = (
				FA5394E724948BE1000120C3 /* ViewList */,
				FA5394A824946FE6000120C3 /* AppDelegate.swift */,
				FA5394AA24946FE6000120C3 /* SceneDelegate.swift */,
				FA5394AE24946FEE000120C3 /* Assets.xcassets */,
				FA5394F124949604000120C3 /* turtlerock.jpg */,
				FA5394B324946FEE000120C3 /* LaunchScreen.storyboard */,
				FA5394B624946FEE000120C3 /* Info.plist */,
				FA5394EC24948D5C000120C3 /* Tutorial */,
				FA5394E624948BCE000120C3 /* SearchUI */,
				FA5394B024946FEE000120C3 /* Preview Content */,
			);
			path = "SwiftUI-sample";
			sourceTree = "<group>";
		};
		FA5394B024946FEE000120C3 /* Preview Content */ = {
			isa = PBXGroup;
			children = (
				FA5394B124946FEE000120C3 /* Preview Assets.xcassets */,
			);
			path = "Preview Content";
			sourceTree = "<group>";
		};
		FA5394E4249487E1000120C3 /* Model */ = {
			isa = PBXGroup;
			children = (
				FA5394DC249474F3000120C3 /* User.swift */,
				FA5394E0249476A3000120C3 /* SearchUserResponse.swift */,
			);
			name = Model;
			path = ..;
			sourceTree = "<group>";
		};
		FA5394E5249487F2000120C3 /* View */ = {
			isa = PBXGroup;
			children = (
				FA5394D824947446000120C3 /* SearchUserView.swift */,
				FA5394E2249476B7000120C3 /* SearchUserRow.swift */,
				FA5394DA249474A4000120C3 /* SearchUserBar.swift */,
				FA5394DE24947529000120C3 /* SearchUserViewModel.swift */,
			);
			path = View;
			sourceTree = "<group>";
		};
		FA5394E624948BCE000120C3 /* SearchUI */ = {
			isa = PBXGroup;
			children = (
				FA5394E5249487F2000120C3 /* View */,
				FA5394E4249487E1000120C3 /* Model */,
			);
			path = SearchUI;
			sourceTree = "<group>";
		};
		FA5394E724948BE1000120C3 /* ViewList */ = {
			isa = PBXGroup;
			children = (
				FA5394E824948BF2000120C3 /* ViiewList.swift */,
				FA5394EA24948C5F000120C3 /* ViewListRow.swift */,
			);
			path = ViewList;
			sourceTree = "<group>";
		};
		FA5394EC24948D5C000120C3 /* Tutorial */ = {
			isa = PBXGroup;
			children = (
				FA5394ED24949143000120C3 /* ContentView.swift */,
				FA5394F324949620000120C3 /* CircleImage.swift */,
				FA5394F5249496C9000120C3 /* MapView.swift */,
			);
			path = Tutorial;
			sourceTree = "<group>";
		};
/* End PBXGroup section */

/* Begin PBXNativeTarget section */
		FA5394A424946FE6000120C3 /* SwiftUI-sample */ = {
			isa = PBXNativeTarget;
			buildConfigurationList = FA5394CF24946FEF000120C3 /* Build configuration list for PBXNativeTarget "SwiftUI-sample" */;
			buildPhases = (
				FA5394A124946FE6000120C3 /* Sources */,
				FA5394A224946FE6000120C3 /* Frameworks */,
				FA5394A324946FE6000120C3 /* Resources */,
			);
			buildRules = (
			);
			dependencies = (
			);
			name = "SwiftUI-sample";
			productName = "SwiftUI-sample";
			productReference = FA5394A524946FE6000120C3 /* SwiftUI-sample.app */;
			productType = "com.apple.product-type.application";
		};
/* End PBXNativeTarget section */

/* Begin PBXProject section */
		FA53949D24946FE6000120C3 /* Project object */ = {
			isa = PBXProject;
			attributes = {
				LastSwiftUpdateCheck = 1130;
				LastUpgradeCheck = 1130;
				ORGANIZATIONNAME = "宇野 凌平";
				TargetAttributes = {
					FA5394A424946FE6000120C3 = {
						CreatedOnToolsVersion = 11.3.1;
					};
				};
			};
			buildConfigurationList = FA5394A024946FE6000120C3 /* Build configuration list for PBXProject "SwiftUI-sample" */;
			compatibilityVersion = "Xcode 9.3";
			developmentRegion = en;
			hasScannedForEncodings = 0;
			knownRegions = (
				en,
				Base,
			);
			mainGroup = FA53949C24946FE6000120C3;
			productRefGroup = FA5394A624946FE6000120C3 /* Products */;
			projectDirPath = "";
			projectRoot = "";
			targets = (
				FA5394A424946FE6000120C3 /* SwiftUI-sample */,
			);
		};
/* End PBXProject section */

/* Begin PBXResourcesBuildPhase section */
		FA5394A324946FE6000120C3 /* Resources */ = {
			isa = PBXResourcesBuildPhase;
			buildActionMask = 2147483647;
			files = (
				FA5394F224949604000120C3 /* turtlerock.jpg in Resources */,
				FA5394B524946FEE000120C3 /* LaunchScreen.storyboard in Resources */,
				FA5394B224946FEE000120C3 /* Preview Assets.xcassets in Resources */,
				FA5394AF24946FEE000120C3 /* Assets.xcassets in Resources */,
			);
			runOnlyForDeploymentPostprocessing = 0;
		};
/* End PBXResourcesBuildPhase section */

/* Begin PBXSourcesBuildPhase section */
		FA5394A124946FE6000120C3 /* Sources */ = {
			isa = PBXSourcesBuildPhase;
			buildActionMask = 2147483647;
			files = (
				FA5394DB249474A4000120C3 /* SearchUserBar.swift in Sources */,
				FA5394EE24949143000120C3 /* ContentView.swift in Sources */,
				FA5394D924947446000120C3 /* SearchUserView.swift in Sources */,
				FA5394A924946FE6000120C3 /* AppDelegate.swift in Sources */,
				FA5394F6249496C9000120C3 /* MapView.swift in Sources */,
				FA5394E3249476B7000120C3 /* SearchUserRow.swift in Sources */,
				FA5394F424949620000120C3 /* CircleImage.swift in Sources */,
				FA5394E924948BF2000120C3 /* ViiewList.swift in Sources */,
				FA5394DD249474F3000120C3 /* User.swift in Sources */,
				FA5394AB24946FE6000120C3 /* SceneDelegate.swift in Sources */,
				FA5394E1249476A3000120C3 /* SearchUserResponse.swift in Sources */,
				FA5394DF24947529000120C3 /* SearchUserViewModel.swift in Sources */,
				FA5394EB24948C5F000120C3 /* ViewListRow.swift in Sources */,
			);
			runOnlyForDeploymentPostprocessing = 0;
		};
/* End PBXSourcesBuildPhase section */

/* Begin PBXVariantGroup section */
		FA5394B324946FEE000120C3 /* LaunchScreen.storyboard */ = {
			isa = PBXVariantGroup;
			children = (
				FA5394B424946FEE000120C3 /* Base */,
			);
			name = LaunchScreen.storyboard;
			sourceTree = "<group>";
		};
/* End PBXVariantGroup section */

/* Begin XCBuildConfiguration section */
		FA5394CD24946FEF000120C3 /* Debug */ = {
			isa = XCBuildConfiguration;
			buildSettings = {
				ALWAYS_SEARCH_USER_PATHS = NO;
				CLANG_ANALYZER_NONNULL = YES;
				CLANG_ANALYZER_NUMBER_OBJECT_CONVERSION = YES_AGGRESSIVE;
				CLANG_CXX_LANGUAGE_STANDARD = "gnu++14";
				CLANG_CXX_LIBRARY = "libc++";
				CLANG_ENABLE_MODULES = YES;
				CLANG_ENABLE_OBJC_ARC = YES;
				CLANG_ENABLE_OBJC_WEAK = YES;
				CLANG_WARN_BLOCK_CAPTURE_AUTORELEASING = YES;
				CLANG_WARN_BOOL_CONVERSION = YES;
				CLANG_WARN_COMMA = YES;
				CLANG_WARN_CONSTANT_CONVERSION = YES;
				CLANG_WARN_DEPRECATED_OBJC_IMPLEMENTATIONS = YES;
				CLANG_WARN_DIRECT_OBJC_ISA_USAGE = YES_ERROR;
				CLANG_WARN_DOCUMENTATION_COMMENTS = YES;
				CLANG_WARN_EMPTY_BODY = YES;
				CLANG_WARN_ENUM_CONVERSION = YES;
				CLANG_WARN_INFINITE_RECURSION = YES;
				CLANG_WARN_INT_CONVERSION = YES;
				CLANG_WARN_NON_LITERAL_NULL_CONVERSION = YES;
				CLANG_WARN_OBJC_IMPLICIT_RETAIN_SELF = YES;
				CLANG_WARN_OBJC_LITERAL_CONVERSION = YES;
				CLANG_WARN_OBJC_ROOT_CLASS = YES_ERROR;
				CLANG_WARN_RANGE_LOOP_ANALYSIS = YES;
				CLANG_WARN_STRICT_PROTOTYPES = YES;
				CLANG_WARN_SUSPICIOUS_MOVE = YES;
				CLANG_WARN_UNGUARDED_AVAILABILITY = YES_AGGRESSIVE;
				CLANG_WARN_UNREACHABLE_CODE = YES;
				CLANG_WARN__DUPLICATE_METHOD_MATCH = YES;
				COPY_PHASE_STRIP = NO;
				DEBUG_INFORMATION_FORMAT = dwarf;
				ENABLE_STRICT_OBJC_MSGSEND = YES;
				ENABLE_TESTABILITY = YES;
				GCC_C_LANGUAGE_STANDARD = gnu11;
				GCC_DYNAMIC_NO_PIC = NO;
				GCC_NO_COMMON_BLOCKS = YES;
				GCC_OPTIMIZATION_LEVEL = 0;
				GCC_PREPROCESSOR_DEFINITIONS = (
					"DEBUG=1",
					"$(inherited)",
				);
				GCC_WARN_64_TO_32_BIT_CONVERSION = YES;
				GCC_WARN_ABOUT_RETURN_TYPE = YES_ERROR;
				GCC_WARN_UNDECLARED_SELECTOR = YES;
				GCC_WARN_UNINITIALIZED_AUTOS = YES_AGGRESSIVE;
				GCC_WARN_UNUSED_FUNCTION = YES;
				GCC_WARN_UNUSED_VARIABLE = YES;
				IPHONEOS_DEPLOYMENT_TARGET = 13.2;
				MTL_ENABLE_DEBUG_INFO = INCLUDE_SOURCE;
				MTL_FAST_MATH = YES;
				ONLY_ACTIVE_ARCH = YES;
				SDKROOT = iphoneos;
				SWIFT_ACTIVE_COMPILATION_CONDITIONS = DEBUG;
				SWIFT_OPTIMIZATION_LEVEL = "-Onone";
			};
			name = Debug;
		};
		FA5394CE24946FEF000120C3 /* Release */ = {
			isa = XCBuildConfiguration;
			buildSettings = {
				ALWAYS_SEARCH_USER_PATHS = NO;
				CLANG_ANALYZER_NONNULL = YES;
				CLANG_ANALYZER_NUMBER_OBJECT_CONVERSION = YES_AGGRESSIVE;
				CLANG_CXX_LANGUAGE_STANDARD = "gnu++14";
				CLANG_CXX_LIBRARY = "libc++";
				CLANG_ENABLE_MODULES = YES;
				CLANG_ENABLE_OBJC_ARC = YES;
				CLANG_ENABLE_OBJC_WEAK = YES;
				CLANG_WARN_BLOCK_CAPTURE_AUTORELEASING = YES;
				CLANG_WARN_BOOL_CONVERSION = YES;
				CLANG_WARN_COMMA = YES;
				CLANG_WARN_CONSTANT_CONVERSION = YES;
				CLANG_WARN_DEPRECATED_OBJC_IMPLEMENTATIONS = YES;
				CLANG_WARN_DIRECT_OBJC_ISA_USAGE = YES_ERROR;
				CLANG_WARN_DOCUMENTATION_COMMENTS = YES;
				CLANG_WARN_EMPTY_BODY = YES;
				CLANG_WARN_ENUM_CONVERSION = YES;
				CLANG_WARN_INFINITE_RECURSION = YES;
				CLANG_WARN_INT_CONVERSION = YES;
				CLANG_WARN_NON_LITERAL_NULL_CONVERSION = YES;
				CLANG_WARN_OBJC_IMPLICIT_RETAIN_SELF = YES;
				CLANG_WARN_OBJC_LITERAL_CONVERSION = YES;
				CLANG_WARN_OBJC_ROOT_CLASS = YES_ERROR;
				CLANG_WARN_RANGE_LOOP_ANALYSIS = YES;
				CLANG_WARN_STRICT_PROTOTYPES = YES;
				CLANG_WARN_SUSPICIOUS_MOVE = YES;
				CLANG_WARN_UNGUARDED_AVAILABILITY = YES_AGGRESSIVE;
				CLANG_WARN_UNREACHABLE_CODE = YES;
				CLANG_WARN__DUPLICATE_METHOD_MATCH = YES;
				COPY_PHASE_STRIP = NO;
				DEBUG_INFORMATION_FORMAT = "dwarf-with-dsym";
				ENABLE_NS_ASSERTIONS = NO;
				ENABLE_STRICT_OBJC_MSGSEND = YES;
				GCC_C_LANGUAGE_STANDARD = gnu11;
				GCC_NO_COMMON_BLOCKS = YES;
				GCC_WARN_64_TO_32_BIT_CONVERSION = YES;
				GCC_WARN_ABOUT_RETURN_TYPE = YES_ERROR;
				GCC_WARN_UNDECLARED_SELECTOR = YES;
				GCC_WARN_UNINITIALIZED_AUTOS = YES_AGGRESSIVE;
				GCC_WARN_UNUSED_FUNCTION = YES;
				GCC_WARN_UNUSED_VARIABLE = YES;
				IPHONEOS_DEPLOYMENT_TARGET = 13.2;
				MTL_ENABLE_DEBUG_INFO = NO;
				MTL_FAST_MATH = YES;
				SDKROOT = iphoneos;
				SWIFT_COMPILATION_MODE = wholemodule;
				SWIFT_OPTIMIZATION_LEVEL = "-O";
				VALIDATE_PRODUCT = YES;
			};
			name = Release;
		};
		FA5394D024946FEF000120C3 /* Debug */ = {
			isa = XCBuildConfiguration;
			buildSettings = {
				ASSETCATALOG_COMPILER_APPICON_NAME = AppIcon;
				CODE_SIGN_STYLE = Automatic;
				DEVELOPMENT_ASSET_PATHS = "\"SwiftUI-sample/Preview Content\"";
				ENABLE_PREVIEWS = YES;
				INFOPLIST_FILE = "SwiftUI-sample/Info.plist";
				LD_RUNPATH_SEARCH_PATHS = (
					"$(inherited)",
					"@executable_path/Frameworks",
				);
				PRODUCT_BUNDLE_IDENTIFIER = "ryohei-uno.SwiftUI-sample";
				PRODUCT_NAME = "$(TARGET_NAME)";
				SWIFT_VERSION = 5.0;
				TARGETED_DEVICE_FAMILY = "1,2";
			};
			name = Debug;
		};
		FA5394D124946FEF000120C3 /* Release */ = {
			isa = XCBuildConfiguration;
			buildSettings = {
				ASSETCATALOG_COMPILER_APPICON_NAME = AppIcon;
				CODE_SIGN_STYLE = Automatic;
				DEVELOPMENT_ASSET_PATHS = "\"SwiftUI-sample/Preview Content\"";
				ENABLE_PREVIEWS = YES;
				INFOPLIST_FILE = "SwiftUI-sample/Info.plist";
				LD_RUNPATH_SEARCH_PATHS = (
					"$(inherited)",
					"@executable_path/Frameworks",
				);
				PRODUCT_BUNDLE_IDENTIFIER = "ryohei-uno.SwiftUI-sample";
				PRODUCT_NAME = "$(TARGET_NAME)";
				SWIFT_VERSION = 5.0;
				TARGETED_DEVICE_FAMILY = "1,2";
			};
			name = Release;
		};
/* End XCBuildConfiguration section */

/* Begin XCConfigurationList section */
		FA5394A024946FE6000120C3 /* Build configuration list for PBXProject "SwiftUI-sample" */ = {
			isa = XCConfigurationList;
			buildConfigurations = (
				FA5394CD24946FEF000120C3 /* Debug */,
				FA5394CE24946FEF000120C3 /* Release */,
			);
			defaultConfigurationIsVisible = 0;
			defaultConfigurationName = Release;
		};
		FA5394CF24946FEF000120C3 /* Build configuration list for PBXNativeTarget "SwiftUI-sample" */ = {
			isa = XCConfigurationList;
			buildConfigurations = (
				FA5394D024946FEF000120C3 /* Debug */,
				FA5394D124946FEF000120C3 /* Release */,
			);
			defaultConfigurationIsVisible = 0;
			defaultConfigurationName = Release;
		};
/* End XCConfigurationList section */
	};
	rootObject = FA53949D24946FE6000120C3 /* Project object */;
}
